
Microsoft Visual Studio Solution File, Format Version 12.00
# Visual Studio Version 16
VisualStudioVersion = 16.0.31515.178
MinimumVisualStudioVersion = 10.0.40219.1
Project("{F184B08F-C81C-45F6-A57F-5ABD9991F28F}") = "201903573_CINE", "201903573_CINE\201903573_CINE.vbproj", "{95606C49-D659-441C-9602-03C8FF48DAA4}"
EndProject
Global
	GlobalSection(SolutionConfigurationPlatforms) = preSolution
		Debug|Any CPU = Debug|Any CPU
		Release|Any CPU = Release|Any CPU
	EndGlobalSection
	GlobalSection(ProjectConfigurationPlatforms) = postSolution
		{95606C49-D659-441C-9602-03C8FF48DAA4}.Debug|Any CPU.ActiveCfg = Debug|Any CPU
		{95606C49-D659-441C-9602-03C8FF48DAA4}.Debug|Any CPU.Build.0 = Debug|Any CPU
		{95606C49-D659-441C-9602-03C8FF48DAA4}.Release|Any CPU.ActiveCfg = Release|Any CPU
		{95606C49-D659-441C-9602-03C8FF48DAA4}.Release|Any CPU.Build.0 = Release|Any CPU
	EndGlobalSection
	GlobalSection(SolutionProperties) = preSolution
		HideSolutionNode = FALSE
	EndGlobalSection
	GlobalSection(ExtensibilityGlobals) = postSolution
		SolutionGuid = {9E3EEBEB-D85E-498F-B920-AEBB5CCBAA16}
	EndGlobalSection
EndGlobal
