
Microsoft Visual Studio Solution File, Format Version 12.00
# Visual Studio Version 16
VisualStudioVersion = 16.0.31515.178
MinimumVisualStudioVersion = 10.0.40219.1
Project("{F184B08F-C81C-45F6-A57F-5ABD9991F28F}") = "201903573_COBROLUZ", "201903573_COBROLUZ\201903573_COBROLUZ.vbproj", "{3B28D36A-6AB1-4CF2-ACD0-4D4A9B364164}"
EndProject
Global
	GlobalSection(SolutionConfigurationPlatforms) = preSolution
		Debug|Any CPU = Debug|Any CPU
		Release|Any CPU = Release|Any CPU
	EndGlobalSection
	GlobalSection(ProjectConfigurationPlatforms) = postSolution
		{3B28D36A-6AB1-4CF2-ACD0-4D4A9B364164}.Debug|Any CPU.ActiveCfg = Debug|Any CPU
		{3B28D36A-6AB1-4CF2-ACD0-4D4A9B364164}.Debug|Any CPU.Build.0 = Debug|Any CPU
		{3B28D36A-6AB1-4CF2-ACD0-4D4A9B364164}.Release|Any CPU.ActiveCfg = Release|Any CPU
		{3B28D36A-6AB1-4CF2-ACD0-4D4A9B364164}.Release|Any CPU.Build.0 = Release|Any CPU
	EndGlobalSection
	GlobalSection(SolutionProperties) = preSolution
		HideSolutionNode = FALSE
	EndGlobalSection
	GlobalSection(ExtensibilityGlobals) = postSolution
		SolutionGuid = {46BE5546-29B9-4F21-BC36-11CA52EF59C0}
	EndGlobalSection
EndGlobal
