
Microsoft Visual Studio Solution File, Format Version 12.00
# Visual Studio Version 16
VisualStudioVersion = 16.0.31515.178
MinimumVisualStudioVersion = 10.0.40219.1
Project("{F184B08F-C81C-45F6-A57F-5ABD9991F28F}") = "201903573_CUBRECAMAS", "201903573_CUBRECAMAS\201903573_CUBRECAMAS.vbproj", "{C5413C2C-155F-4EF8-83EF-80FB2B71E32E}"
EndProject
Global
	GlobalSection(SolutionConfigurationPlatforms) = preSolution
		Debug|Any CPU = Debug|Any CPU
		Release|Any CPU = Release|Any CPU
	EndGlobalSection
	GlobalSection(ProjectConfigurationPlatforms) = postSolution
		{C5413C2C-155F-4EF8-83EF-80FB2B71E32E}.Debug|Any CPU.ActiveCfg = Debug|Any CPU
		{C5413C2C-155F-4EF8-83EF-80FB2B71E32E}.Debug|Any CPU.Build.0 = Debug|Any CPU
		{C5413C2C-155F-4EF8-83EF-80FB2B71E32E}.Release|Any CPU.ActiveCfg = Release|Any CPU
		{C5413C2C-155F-4EF8-83EF-80FB2B71E32E}.Release|Any CPU.Build.0 = Release|Any CPU
	EndGlobalSection
	GlobalSection(SolutionProperties) = preSolution
		HideSolutionNode = FALSE
	EndGlobalSection
	GlobalSection(ExtensibilityGlobals) = postSolution
		SolutionGuid = {963059C9-2AD4-4B78-8CDB-93296BD6D7A5}
	EndGlobalSection
EndGlobal
